
Microsoft Visual Studio Solution File, Format Version 12.00
# Visual Studio Version 16
VisualStudioVersion = 16.0.31105.61
MinimumVisualStudioVersion = 10.0.40219.1
Project("{2150E333-8FDC-42A3-9474-1A3956D46DE8}") = "Services", "Services", "{E6ABE975-E6B5-49D3-8838-EABEEB8D1F3D}"
EndProject
Project("{2150E333-8FDC-42A3-9474-1A3956D46DE8}") = "Catalog", "Catalog", "{6E447AC9-3C82-49C9-904F-AED1913283BB}"
EndProject
Project("{9A19103F-16F7-4668-BE54-9A1E7A4F7556}") = "Catalog.API", "Services\Catalog\Catalog.API\Catalog.API.csproj", "{DFF2FD5E-BAE9-4B35-BBDA-6690392B36FA}"
EndProject
Project("{E53339B2-1760-4266-BCC7-CA923CBCF16C}") = "docker-compose", "docker-compose.dcproj", "{71A51669-6D24-43CE-9C7E-71A4283C59D6}"
EndProject
Project("{2150E333-8FDC-42A3-9474-1A3956D46DE8}") = "Basket", "Basket", "{9B857D12-F052-4C30-8027-B39775783BE9}"
EndProject
Project("{9A19103F-16F7-4668-BE54-9A1E7A4F7556}") = "Basket.API", "Services\Basket\Basket.API\Basket.API.csproj", "{70D5A1AD-D107-408E-9590-F80E0F6A270F}"
EndProject
Project("{2150E333-8FDC-42A3-9474-1A3956D46DE8}") = "Discount", "Discount", "{86797165-20CF-4B59-884D-C749FB795EF6}"
EndProject
Project("{9A19103F-16F7-4668-BE54-9A1E7A4F7556}") = "Discount.API", "Services\Discount\Discount.API\Discount.API.csproj", "{919BCC44-7CC0-4A5E-95AB-AB0A25865CD5}"
EndProject
Project("{9A19103F-16F7-4668-BE54-9A1E7A4F7556}") = "Discount.Grpc", "Services\Discount\Discount.Grpc\Discount.Grpc.csproj", "{9B8110F3-AE4D-44FD-8F94-79D9D5CBC275}"
EndProject
Project("{2150E333-8FDC-42A3-9474-1A3956D46DE8}") = "Ordering", "Ordering", "{99B3248F-A5AA-487C-80CA-50FAD1E64EF4}"
EndProject
Project("{FAE04EC0-301F-11D3-BF4B-00C04F79EFBC}") = "Ordering.API", "Services\Ordering\Ordering.API\Ordering.API.csproj", "{E38EE83A-E348-4E17-A093-FB3E32A04E51}"
EndProject
Project("{FAE04EC0-301F-11D3-BF4B-00C04F79EFBC}") = "Ordering.Domain", "Services\Ordering\Ordering.Domain\Ordering.Domain.csproj", "{69E4BD2F-551F-4148-B708-5E482FB794E3}"
EndProject
Project("{FAE04EC0-301F-11D3-BF4B-00C04F79EFBC}") = "Ordering.Application", "Services\Ordering\Ordering.Application\Ordering.Application.csproj", "{193AA41F-6A9B-474C-99C9-4A17EBC7A599}"
EndProject
Project("{FAE04EC0-301F-11D3-BF4B-00C04F79EFBC}") = "Ordering.Infrastructure", "Services\Ordering\Ordering.Infrastructure\Ordering.Infrastructure.csproj", "{1181F683-AAAA-42DD-B53E-1590C7EF610C}"
EndProject
Global
	GlobalSection(SolutionConfigurationPlatforms) = preSolution
		Debug|Any CPU = Debug|Any CPU
		Release|Any CPU = Release|Any CPU
	EndGlobalSection
	GlobalSection(ProjectConfigurationPlatforms) = postSolution
		{DFF2FD5E-BAE9-4B35-BBDA-6690392B36FA}.Debug|Any CPU.ActiveCfg = Debug|Any CPU
		{DFF2FD5E-BAE9-4B35-BBDA-6690392B36FA}.Debug|Any CPU.Build.0 = Debug|Any CPU
		{DFF2FD5E-BAE9-4B35-BBDA-6690392B36FA}.Release|Any CPU.ActiveCfg = Release|Any CPU
		{DFF2FD5E-BAE9-4B35-BBDA-6690392B36FA}.Release|Any CPU.Build.0 = Release|Any CPU
		{71A51669-6D24-43CE-9C7E-71A4283C59D6}.Debug|Any CPU.ActiveCfg = Debug|Any CPU
		{71A51669-6D24-43CE-9C7E-71A4283C59D6}.Debug|Any CPU.Build.0 = Debug|Any CPU
		{71A51669-6D24-43CE-9C7E-71A4283C59D6}.Release|Any CPU.ActiveCfg = Release|Any CPU
		{71A51669-6D24-43CE-9C7E-71A4283C59D6}.Release|Any CPU.Build.0 = Release|Any CPU
		{70D5A1AD-D107-408E-9590-F80E0F6A270F}.Debug|Any CPU.ActiveCfg = Debug|Any CPU
		{70D5A1AD-D107-408E-9590-F80E0F6A270F}.Debug|Any CPU.Build.0 = Debug|Any CPU
		{70D5A1AD-D107-408E-9590-F80E0F6A270F}.Release|Any CPU.ActiveCfg = Release|Any CPU
		{70D5A1AD-D107-408E-9590-F80E0F6A270F}.Release|Any CPU.Build.0 = Release|Any CPU
		{919BCC44-7CC0-4A5E-95AB-AB0A25865CD5}.Debug|Any CPU.ActiveCfg = Debug|Any CPU
		{919BCC44-7CC0-4A5E-95AB-AB0A25865CD5}.Debug|Any CPU.Build.0 = Debug|Any CPU
		{919BCC44-7CC0-4A5E-95AB-AB0A25865CD5}.Release|Any CPU.ActiveCfg = Release|Any CPU
		{919BCC44-7CC0-4A5E-95AB-AB0A25865CD5}.Release|Any CPU.Build.0 = Release|Any CPU
		{9B8110F3-AE4D-44FD-8F94-79D9D5CBC275}.Debug|Any CPU.ActiveCfg = Debug|Any CPU
		{9B8110F3-AE4D-44FD-8F94-79D9D5CBC275}.Debug|Any CPU.Build.0 = Debug|Any CPU
		{9B8110F3-AE4D-44FD-8F94-79D9D5CBC275}.Release|Any CPU.ActiveCfg = Release|Any CPU
		{9B8110F3-AE4D-44FD-8F94-79D9D5CBC275}.Release|Any CPU.Build.0 = Release|Any CPU
		{E38EE83A-E348-4E17-A093-FB3E32A04E51}.Debug|Any CPU.ActiveCfg = Debug|Any CPU
		{E38EE83A-E348-4E17-A093-FB3E32A04E51}.Debug|Any CPU.Build.0 = Debug|Any CPU
		{E38EE83A-E348-4E17-A093-FB3E32A04E51}.Release|Any CPU.ActiveCfg = Release|Any CPU
		{E38EE83A-E348-4E17-A093-FB3E32A04E51}.Release|Any CPU.Build.0 = Release|Any CPU
		{69E4BD2F-551F-4148-B708-5E482FB794E3}.Debug|Any CPU.ActiveCfg = Debug|Any CPU
		{69E4BD2F-551F-4148-B708-5E482FB794E3}.Debug|Any CPU.Build.0 = Debug|Any CPU
		{69E4BD2F-551F-4148-B708-5E482FB794E3}.Release|Any CPU.ActiveCfg = Release|Any CPU
		{69E4BD2F-551F-4148-B708-5E482FB794E3}.Release|Any CPU.Build.0 = Release|Any CPU
		{193AA41F-6A9B-474C-99C9-4A17EBC7A599}.Debug|Any CPU.ActiveCfg = Debug|Any CPU
		{193AA41F-6A9B-474C-99C9-4A17EBC7A599}.Debug|Any CPU.Build.0 = Debug|Any CPU
		{193AA41F-6A9B-474C-99C9-4A17EBC7A599}.Release|Any CPU.ActiveCfg = Release|Any CPU
		{193AA41F-6A9B-474C-99C9-4A17EBC7A599}.Release|Any CPU.Build.0 = Release|Any CPU
		{1181F683-AAAA-42DD-B53E-1590C7EF610C}.Debug|Any CPU.ActiveCfg = Debug|Any CPU
		{1181F683-AAAA-42DD-B53E-1590C7EF610C}.Debug|Any CPU.Build.0 = Debug|Any CPU
		{1181F683-AAAA-42DD-B53E-1590C7EF610C}.Release|Any CPU.ActiveCfg = Release|Any CPU
		{1181F683-AAAA-42DD-B53E-1590C7EF610C}.Release|Any CPU.Build.0 = Release|Any CPU
	EndGlobalSection
	GlobalSection(SolutionProperties) = preSolution
		HideSolutionNode = FALSE
	EndGlobalSection
	GlobalSection(NestedProjects) = preSolution
		{6E447AC9-3C82-49C9-904F-AED1913283BB} = {E6ABE975-E6B5-49D3-8838-EABEEB8D1F3D}
		{DFF2FD5E-BAE9-4B35-BBDA-6690392B36FA} = {6E447AC9-3C82-49C9-904F-AED1913283BB}
		{9B857D12-F052-4C30-8027-B39775783BE9} = {E6ABE975-E6B5-49D3-8838-EABEEB8D1F3D}
		{70D5A1AD-D107-408E-9590-F80E0F6A270F} = {9B857D12-F052-4C30-8027-B39775783BE9}
		{86797165-20CF-4B59-884D-C749FB795EF6} = {E6ABE975-E6B5-49D3-8838-EABEEB8D1F3D}
		{919BCC44-7CC0-4A5E-95AB-AB0A25865CD5} = {86797165-20CF-4B59-884D-C749FB795EF6}
		{9B8110F3-AE4D-44FD-8F94-79D9D5CBC275} = {86797165-20CF-4B59-884D-C749FB795EF6}
		{99B3248F-A5AA-487C-80CA-50FAD1E64EF4} = {E6ABE975-E6B5-49D3-8838-EABEEB8D1F3D}
		{E38EE83A-E348-4E17-A093-FB3E32A04E51} = {99B3248F-A5AA-487C-80CA-50FAD1E64EF4}
		{69E4BD2F-551F-4148-B708-5E482FB794E3} = {99B3248F-A5AA-487C-80CA-50FAD1E64EF4}
		{193AA41F-6A9B-474C-99C9-4A17EBC7A599} = {99B3248F-A5AA-487C-80CA-50FAD1E64EF4}
		{1181F683-AAAA-42DD-B53E-1590C7EF610C} = {99B3248F-A5AA-487C-80CA-50FAD1E64EF4}
	EndGlobalSection
	GlobalSection(ExtensibilityGlobals) = postSolution
		SolutionGuid = {FD68E2DF-6ADB-4DE3-8022-C62D7B54D3F4}
	EndGlobalSection
EndGlobal
